// !$*UTF8*$!
{
	archiveVersion = 1;
	classes = {
	};
	objectVersion = 56;
	objects = {

/* Begin PBXBuildFile section */
		21875CA02A5679C70054AC43 /* HomeView.swift in Sources */ = {isa = PBXBuildFile; fileRef = 21875C9F2A5679C70054AC43 /* HomeView.swift */; };
		21875CA52A5682BF0054AC43 /* BaseNetworking.swift in Sources */ = {isa = PBXBuildFile; fileRef = 21875CA42A5682BF0054AC43 /* BaseNetworking.swift */; };
		21875CA72A568AAC0054AC43 /* WeatherData.swift in Sources */ = {isa = PBXBuildFile; fileRef = 21875CA62A568AAC0054AC43 /* WeatherData.swift */; };
		21875CAE2A5694200054AC43 /* GetWeatherRepositoryProtocol.swift in Sources */ = {isa = PBXBuildFile; fileRef = 21875CAD2A5694200054AC43 /* GetWeatherRepositoryProtocol.swift */; };
		21875CB02A5694270054AC43 /* GetWeatherRepositoryImpl.swift in Sources */ = {isa = PBXBuildFile; fileRef = 21875CAF2A5694270054AC43 /* GetWeatherRepositoryImpl.swift */; };
		21875CB42A5697010054AC43 /* HomeViewModel.swift in Sources */ = {isa = PBXBuildFile; fileRef = 21875CB32A5697010054AC43 /* HomeViewModel.swift */; };
		21875CB82A569D100054AC43 /* HomeViewSelector.swift in Sources */ = {isa = PBXBuildFile; fileRef = 21875CB72A569D100054AC43 /* HomeViewSelector.swift */; };
		21875CBA2A569FCC0054AC43 /* City.swift in Sources */ = {isa = PBXBuildFile; fileRef = 21875CB92A569FCC0054AC43 /* City.swift */; };
		21875CBD2A56A36B0054AC43 /* DateExtension.swift in Sources */ = {isa = PBXBuildFile; fileRef = 21875CBC2A56A36B0054AC43 /* DateExtension.swift */; };
		21875CC12A56A83E0054AC43 /* HomeViewHeader.swift in Sources */ = {isa = PBXBuildFile; fileRef = 21875CC02A56A83E0054AC43 /* HomeViewHeader.swift */; };
		21875D8B2A56B42A0054AC43 /* HomeViewTempView.swift in Sources */ = {isa = PBXBuildFile; fileRef = 21875D8A2A56B4290054AC43 /* HomeViewTempView.swift */; };
		21875D8D2A56B4AC0054AC43 /* TempType.swift in Sources */ = {isa = PBXBuildFile; fileRef = 21875D8C2A56B4AC0054AC43 /* TempType.swift */; };
		21875D8F2A56B7B20054AC43 /* HomeViewLoader.swift in Sources */ = {isa = PBXBuildFile; fileRef = 21875D8E2A56B7B20054AC43 /* HomeViewLoader.swift */; };
		21875D912A56B7F10054AC43 /* HomeContentView.swift in Sources */ = {isa = PBXBuildFile; fileRef = 21875D902A56B7F10054AC43 /* HomeContentView.swift */; };
		21875D932A56BEF00054AC43 /* ColorExtension.swift in Sources */ = {isa = PBXBuildFile; fileRef = 21875D922A56BEF00054AC43 /* ColorExtension.swift */; };
		21875D972A56C04D0054AC43 /* HomeConditionView.swift in Sources */ = {isa = PBXBuildFile; fileRef = 21875D962A56C04D0054AC43 /* HomeConditionView.swift */; };
		21F0178C2A5618CD00D99BE0 /* Weather_DemoApp.swift in Sources */ = {isa = PBXBuildFile; fileRef = 21F0178B2A5618CD00D99BE0 /* Weather_DemoApp.swift */; };
		21F017902A5618CE00D99BE0 /* Assets.xcassets in Resources */ = {isa = PBXBuildFile; fileRef = 21F0178F2A5618CE00D99BE0 /* Assets.xcassets */; };
		21F017932A5618CE00D99BE0 /* Preview Assets.xcassets in Resources */ = {isa = PBXBuildFile; fileRef = 21F017922A5618CE00D99BE0 /* Preview Assets.xcassets */; };
		21F0179D2A5618CE00D99BE0 /* Weather_DemoTests.swift in Sources */ = {isa = PBXBuildFile; fileRef = 21F0179C2A5618CE00D99BE0 /* Weather_DemoTests.swift */; };
		21F017A72A5618CE00D99BE0 /* Weather_DemoUITests.swift in Sources */ = {isa = PBXBuildFile; fileRef = 21F017A62A5618CE00D99BE0 /* Weather_DemoUITests.swift */; };
		21F017A92A5618CE00D99BE0 /* Weather_DemoUITestsLaunchTests.swift in Sources */ = {isa = PBXBuildFile; fileRef = 21F017A82A5618CE00D99BE0 /* Weather_DemoUITestsLaunchTests.swift */; };
/* End PBXBuildFile section */

/* Begin PBXContainerItemProxy section */
		21F017992A5618CE00D99BE0 /* PBXContainerItemProxy */ = {
			isa = PBXContainerItemProxy;
			containerPortal = 21F017802A5618CD00D99BE0 /* Project object */;
			proxyType = 1;
			remoteGlobalIDString = 21F017872A5618CD00D99BE0;
			remoteInfo = "Weather Demo";
		};
		21F017A32A5618CE00D99BE0 /* PBXContainerItemProxy */ = {
			isa = PBXContainerItemProxy;
			containerPortal = 21F017802A5618CD00D99BE0 /* Project object */;
			proxyType = 1;
			remoteGlobalIDString = 21F017872A5618CD00D99BE0;
			remoteInfo = "Weather Demo";
		};
/* End PBXContainerItemProxy section */

/* Begin PBXFileReference section */
		21875C9F2A5679C70054AC43 /* HomeView.swift */ = {isa = PBXFileReference; lastKnownFileType = sourcecode.swift; path = HomeView.swift; sourceTree = "<group>"; };
		21875CA42A5682BF0054AC43 /* BaseNetworking.swift */ = {isa = PBXFileReference; lastKnownFileType = sourcecode.swift; path = BaseNetworking.swift; sourceTree = "<group>"; };
		21875CA62A568AAC0054AC43 /* WeatherData.swift */ = {isa = PBXFileReference; lastKnownFileType = sourcecode.swift; path = WeatherData.swift; sourceTree = "<group>"; };
		21875CAD2A5694200054AC43 /* GetWeatherRepositoryProtocol.swift */ = {isa = PBXFileReference; lastKnownFileType = sourcecode.swift; path = GetWeatherRepositoryProtocol.swift; sourceTree = "<group>"; };
		21875CAF2A5694270054AC43 /* GetWeatherRepositoryImpl.swift */ = {isa = PBXFileReference; lastKnownFileType = sourcecode.swift; path = GetWeatherRepositoryImpl.swift; sourceTree = "<group>"; };
		21875CB32A5697010054AC43 /* HomeViewModel.swift */ = {isa = PBXFileReference; lastKnownFileType = sourcecode.swift; path = HomeViewModel.swift; sourceTree = "<group>"; };
		21875CB72A569D100054AC43 /* HomeViewSelector.swift */ = {isa = PBXFileReference; lastKnownFileType = sourcecode.swift; path = HomeViewSelector.swift; sourceTree = "<group>"; };
		21875CB92A569FCC0054AC43 /* City.swift */ = {isa = PBXFileReference; lastKnownFileType = sourcecode.swift; path = City.swift; sourceTree = "<group>"; };
		21875CBC2A56A36B0054AC43 /* DateExtension.swift */ = {isa = PBXFileReference; lastKnownFileType = sourcecode.swift; path = DateExtension.swift; sourceTree = "<group>"; };
		21875CC02A56A83E0054AC43 /* HomeViewHeader.swift */ = {isa = PBXFileReference; lastKnownFileType = sourcecode.swift; path = HomeViewHeader.swift; sourceTree = "<group>"; };
		21875D8A2A56B4290054AC43 /* HomeViewTempView.swift */ = {isa = PBXFileReference; lastKnownFileType = sourcecode.swift; path = HomeViewTempView.swift; sourceTree = "<group>"; };
		21875D8C2A56B4AC0054AC43 /* TempType.swift */ = {isa = PBXFileReference; lastKnownFileType = sourcecode.swift; path = TempType.swift; sourceTree = "<group>"; };
		21875D8E2A56B7B20054AC43 /* HomeViewLoader.swift */ = {isa = PBXFileReference; lastKnownFileType = sourcecode.swift; path = HomeViewLoader.swift; sourceTree = "<group>"; };
		21875D902A56B7F10054AC43 /* HomeContentView.swift */ = {isa = PBXFileReference; lastKnownFileType = sourcecode.swift; path = HomeContentView.swift; sourceTree = "<group>"; };
		21875D922A56BEF00054AC43 /* ColorExtension.swift */ = {isa = PBXFileReference; lastKnownFileType = sourcecode.swift; path = ColorExtension.swift; sourceTree = "<group>"; };
		21875D962A56C04D0054AC43 /* HomeConditionView.swift */ = {isa = PBXFileReference; lastKnownFileType = sourcecode.swift; path = HomeConditionView.swift; sourceTree = "<group>"; };
		21F017882A5618CD00D99BE0 /* Weather Demo.app */ = {isa = PBXFileReference; explicitFileType = wrapper.application; includeInIndex = 0; path = "Weather Demo.app"; sourceTree = BUILT_PRODUCTS_DIR; };
		21F0178B2A5618CD00D99BE0 /* Weather_DemoApp.swift */ = {isa = PBXFileReference; lastKnownFileType = sourcecode.swift; path = Weather_DemoApp.swift; sourceTree = "<group>"; };
		21F0178F2A5618CE00D99BE0 /* Assets.xcassets */ = {isa = PBXFileReference; lastKnownFileType = folder.assetcatalog; path = Assets.xcassets; sourceTree = "<group>"; };
		21F017922A5618CE00D99BE0 /* Preview Assets.xcassets */ = {isa = PBXFileReference; lastKnownFileType = folder.assetcatalog; path = "Preview Assets.xcassets"; sourceTree = "<group>"; };
		21F017982A5618CE00D99BE0 /* Weather DemoTests.xctest */ = {isa = PBXFileReference; explicitFileType = wrapper.cfbundle; includeInIndex = 0; path = "Weather DemoTests.xctest"; sourceTree = BUILT_PRODUCTS_DIR; };
		21F0179C2A5618CE00D99BE0 /* Weather_DemoTests.swift */ = {isa = PBXFileReference; lastKnownFileType = sourcecode.swift; path = Weather_DemoTests.swift; sourceTree = "<group>"; };
		21F017A22A5618CE00D99BE0 /* Weather DemoUITests.xctest */ = {isa = PBXFileReference; explicitFileType = wrapper.cfbundle; includeInIndex = 0; path = "Weather DemoUITests.xctest"; sourceTree = BUILT_PRODUCTS_DIR; };
		21F017A62A5618CE00D99BE0 /* Weather_DemoUITests.swift */ = {isa = PBXFileReference; lastKnownFileType = sourcecode.swift; path = Weather_DemoUITests.swift; sourceTree = "<group>"; };
		21F017A82A5618CE00D99BE0 /* Weather_DemoUITestsLaunchTests.swift */ = {isa = PBXFileReference; lastKnownFileType = sourcecode.swift; path = Weather_DemoUITestsLaunchTests.swift; sourceTree = "<group>"; };
/* End PBXFileReference section */

/* Begin PBXFrameworksBuildPhase section */
		21F017852A5618CD00D99BE0 /* Frameworks */ = {
			isa = PBXFrameworksBuildPhase;
			buildActionMask = 2147483647;
			files = (
			);
			runOnlyForDeploymentPostprocessing = 0;
		};
		21F017952A5618CE00D99BE0 /* Frameworks */ = {
			isa = PBXFrameworksBuildPhase;
			buildActionMask = 2147483647;
			files = (
			);
			runOnlyForDeploymentPostprocessing = 0;
		};
		21F0179F2A5618CE00D99BE0 /* Frameworks */ = {
			isa = PBXFrameworksBuildPhase;
			buildActionMask = 2147483647;
			files = (
			);
			runOnlyForDeploymentPostprocessing = 0;
		};
/* End PBXFrameworksBuildPhase section */

/* Begin PBXGroup section */
		21875C9B2A56799E0054AC43 /* Models */ = {
			isa = PBXGroup;
			children = (
				21875CA62A568AAC0054AC43 /* WeatherData.swift */,
				21875CB92A569FCC0054AC43 /* City.swift */,
				21875D8C2A56B4AC0054AC43 /* TempType.swift */,
			);
			path = Models;
			sourceTree = "<group>";
		};
		21875C9C2A5679AE0054AC43 /* Home */ = {
			isa = PBXGroup;
			children = (
				21875CB62A5697140054AC43 /* Views */,
				21875C9F2A5679C70054AC43 /* HomeView.swift */,
				21875CB32A5697010054AC43 /* HomeViewModel.swift */,
			);
			path = Home;
			sourceTree = "<group>";
		};
		21875CAB2A5691490054AC43 /* Repositories */ = {
			isa = PBXGroup;
			children = (
				21875CAC2A5693EB0054AC43 /* GetWeatherRepository */,
			);
			path = Repositories;
			sourceTree = "<group>";
		};
		21875CAC2A5693EB0054AC43 /* GetWeatherRepository */ = {
			isa = PBXGroup;
			children = (
				21875CAD2A5694200054AC43 /* GetWeatherRepositoryProtocol.swift */,
				21875CAF2A5694270054AC43 /* GetWeatherRepositoryImpl.swift */,
			);
			path = GetWeatherRepository;
			sourceTree = "<group>";
		};
		21875CB62A5697140054AC43 /* Views */ = {
			isa = PBXGroup;
			children = (
				21875CB72A569D100054AC43 /* HomeViewSelector.swift */,
				21875CC02A56A83E0054AC43 /* HomeViewHeader.swift */,
				21875D8A2A56B4290054AC43 /* HomeViewTempView.swift */,
				21875D8E2A56B7B20054AC43 /* HomeViewLoader.swift */,
				21875D902A56B7F10054AC43 /* HomeContentView.swift */,
				21875D962A56C04D0054AC43 /* HomeConditionView.swift */,
			);
			path = Views;
			sourceTree = "<group>";
		};
		21875CBB2A56A35C0054AC43 /* Utils */ = {
			isa = PBXGroup;
			children = (
				21875CC22A56AAF60054AC43 /* Assets */,
				21875CBC2A56A36B0054AC43 /* DateExtension.swift */,
				21875D922A56BEF00054AC43 /* ColorExtension.swift */,
			);
			path = Utils;
			sourceTree = "<group>";
		};
		21875CC22A56AAF60054AC43 /* Assets */ = {
			isa = PBXGroup;
			children = (
			);
			path = Assets;
			sourceTree = "<group>";
		};
		21F0177F2A5618CD00D99BE0 = {
			isa = PBXGroup;
			children = (
				21F0178A2A5618CD00D99BE0 /* Weather Demo */,
				21F0179B2A5618CE00D99BE0 /* Weather DemoTests */,
				21F017A52A5618CE00D99BE0 /* Weather DemoUITests */,
				21F017892A5618CD00D99BE0 /* Products */,
			);
			sourceTree = "<group>";
		};
		21F017892A5618CD00D99BE0 /* Products */ = {
			isa = PBXGroup;
			children = (
				21F017882A5618CD00D99BE0 /* Weather Demo.app */,
				21F017982A5618CE00D99BE0 /* Weather DemoTests.xctest */,
				21F017A22A5618CE00D99BE0 /* Weather DemoUITests.xctest */,
			);
			name = Products;
			sourceTree = "<group>";
		};
		21F0178A2A5618CD00D99BE0 /* Weather Demo */ = {
			isa = PBXGroup;
			children = (
				21875CBB2A56A35C0054AC43 /* Utils */,
				21F017B52A56199000D99BE0 /* Networking */,
				21875C9B2A56799E0054AC43 /* Models */,
				21875CAB2A5691490054AC43 /* Repositories */,
				21F017B62A56199D00D99BE0 /* Modules */,
				21F0178B2A5618CD00D99BE0 /* Weather_DemoApp.swift */,
				21F0178F2A5618CE00D99BE0 /* Assets.xcassets */,
				21F017912A5618CE00D99BE0 /* Preview Content */,
			);
			path = "Weather Demo";
			sourceTree = "<group>";
		};
		21F017912A5618CE00D99BE0 /* Preview Content */ = {
			isa = PBXGroup;
			children = (
				21F017922A5618CE00D99BE0 /* Preview Assets.xcassets */,
			);
			path = "Preview Content";
			sourceTree = "<group>";
		};
		21F0179B2A5618CE00D99BE0 /* Weather DemoTests */ = {
			isa = PBXGroup;
			children = (
				21F0179C2A5618CE00D99BE0 /* Weather_DemoTests.swift */,
			);
			path = "Weather DemoTests";
			sourceTree = "<group>";
		};
		21F017A52A5618CE00D99BE0 /* Weather DemoUITests */ = {
			isa = PBXGroup;
			children = (
				21F017A62A5618CE00D99BE0 /* Weather_DemoUITests.swift */,
				21F017A82A5618CE00D99BE0 /* Weather_DemoUITestsLaunchTests.swift */,
			);
			path = "Weather DemoUITests";
			sourceTree = "<group>";
		};
		21F017B52A56199000D99BE0 /* Networking */ = {
			isa = PBXGroup;
			children = (
				21875CA42A5682BF0054AC43 /* BaseNetworking.swift */,
			);
			path = Networking;
			sourceTree = "<group>";
		};
		21F017B62A56199D00D99BE0 /* Modules */ = {
			isa = PBXGroup;
			children = (
				21875C9C2A5679AE0054AC43 /* Home */,
			);
			path = Modules;
			sourceTree = "<group>";
		};
/* End PBXGroup section */

/* Begin PBXNativeTarget section */
		21F017872A5618CD00D99BE0 /* Weather Demo */ = {
			isa = PBXNativeTarget;
			buildConfigurationList = 21F017AC2A5618CE00D99BE0 /* Build configuration list for PBXNativeTarget "Weather Demo" */;
			buildPhases = (
				21F017842A5618CD00D99BE0 /* Sources */,
				21F017852A5618CD00D99BE0 /* Frameworks */,
				21F017862A5618CD00D99BE0 /* Resources */,
			);
			buildRules = (
			);
			dependencies = (
			);
			name = "Weather Demo";
			productName = "Weather Demo";
			productReference = 21F017882A5618CD00D99BE0 /* Weather Demo.app */;
			productType = "com.apple.product-type.application";
		};
		21F017972A5618CE00D99BE0 /* Weather DemoTests */ = {
			isa = PBXNativeTarget;
			buildConfigurationList = 21F017AF2A5618CE00D99BE0 /* Build configuration list for PBXNativeTarget "Weather DemoTests" */;
			buildPhases = (
				21F017942A5618CE00D99BE0 /* Sources */,
				21F017952A5618CE00D99BE0 /* Frameworks */,
				21F017962A5618CE00D99BE0 /* Resources */,
			);
			buildRules = (
			);
			dependencies = (
				21F0179A2A5618CE00D99BE0 /* PBXTargetDependency */,
			);
			name = "Weather DemoTests";
			productName = "Weather DemoTests";
			productReference = 21F017982A5618CE00D99BE0 /* Weather DemoTests.xctest */;
			productType = "com.apple.product-type.bundle.unit-test";
		};
		21F017A12A5618CE00D99BE0 /* Weather DemoUITests */ = {
			isa = PBXNativeTarget;
			buildConfigurationList = 21F017B22A5618CE00D99BE0 /* Build configuration list for PBXNativeTarget "Weather DemoUITests" */;
			buildPhases = (
				21F0179E2A5618CE00D99BE0 /* Sources */,
				21F0179F2A5618CE00D99BE0 /* Frameworks */,
				21F017A02A5618CE00D99BE0 /* Resources */,
			);
			buildRules = (
			);
			dependencies = (
				21F017A42A5618CE00D99BE0 /* PBXTargetDependency */,
			);
			name = "Weather DemoUITests";
			productName = "Weather DemoUITests";
			productReference = 21F017A22A5618CE00D99BE0 /* Weather DemoUITests.xctest */;
			productType = "com.apple.product-type.bundle.ui-testing";
		};
/* End PBXNativeTarget section */

/* Begin PBXProject section */
		21F017802A5618CD00D99BE0 /* Project object */ = {
			isa = PBXProject;
			attributes = {
				BuildIndependentTargetsInParallel = 1;
				LastSwiftUpdateCheck = 1430;
				LastUpgradeCheck = 1430;
				TargetAttributes = {
					21F017872A5618CD00D99BE0 = {
						CreatedOnToolsVersion = 14.3.1;
					};
					21F017972A5618CE00D99BE0 = {
						CreatedOnToolsVersion = 14.3.1;
						TestTargetID = 21F017872A5618CD00D99BE0;
					};
					21F017A12A5618CE00D99BE0 = {
						CreatedOnToolsVersion = 14.3.1;
						TestTargetID = 21F017872A5618CD00D99BE0;
					};
				};
			};
			buildConfigurationList = 21F017832A5618CD00D99BE0 /* Build configuration list for PBXProject "Weather Demo" */;
			compatibilityVersion = "Xcode 14.0";
			developmentRegion = en;
			hasScannedForEncodings = 0;
			knownRegions = (
				en,
				Base,
			);
			mainGroup = 21F0177F2A5618CD00D99BE0;
			productRefGroup = 21F017892A5618CD00D99BE0 /* Products */;
			projectDirPath = "";
			projectRoot = "";
			targets = (
				21F017872A5618CD00D99BE0 /* Weather Demo */,
				21F017972A5618CE00D99BE0 /* Weather DemoTests */,
				21F017A12A5618CE00D99BE0 /* Weather DemoUITests */,
			);
		};
/* End PBXProject section */

/* Begin PBXResourcesBuildPhase section */
		21F017862A5618CD00D99BE0 /* Resources */ = {
			isa = PBXResourcesBuildPhase;
			buildActionMask = 2147483647;
			files = (
				21F017932A5618CE00D99BE0 /* Preview Assets.xcassets in Resources */,
				21F017902A5618CE00D99BE0 /* Assets.xcassets in Resources */,
			);
			runOnlyForDeploymentPostprocessing = 0;
		};
		21F017962A5618CE00D99BE0 /* Resources */ = {
			isa = PBXResourcesBuildPhase;
			buildActionMask = 2147483647;
			files = (
			);
			runOnlyForDeploymentPostprocessing = 0;
		};
		21F017A02A5618CE00D99BE0 /* Resources */ = {
			isa = PBXResourcesBuildPhase;
			buildActionMask = 2147483647;
			files = (
			);
			runOnlyForDeploymentPostprocessing = 0;
		};
/* End PBXResourcesBuildPhase section */

/* Begin PBXSourcesBuildPhase section */
		21F017842A5618CD00D99BE0 /* Sources */ = {
			isa = PBXSourcesBuildPhase;
			buildActionMask = 2147483647;
			files = (
				21F0178C2A5618CD00D99BE0 /* Weather_DemoApp.swift in Sources */,
				21875D8D2A56B4AC0054AC43 /* TempType.swift in Sources */,
				21875CB02A5694270054AC43 /* GetWeatherRepositoryImpl.swift in Sources */,
				21875D912A56B7F10054AC43 /* HomeContentView.swift in Sources */,
				21875CBA2A569FCC0054AC43 /* City.swift in Sources */,
				21875D8F2A56B7B20054AC43 /* HomeViewLoader.swift in Sources */,
				21875CB42A5697010054AC43 /* HomeViewModel.swift in Sources */,
				21875CA72A568AAC0054AC43 /* WeatherData.swift in Sources */,
				21875CC12A56A83E0054AC43 /* HomeViewHeader.swift in Sources */,
				21875D8B2A56B42A0054AC43 /* HomeViewTempView.swift in Sources */,
				21875CBD2A56A36B0054AC43 /* DateExtension.swift in Sources */,
				21875D932A56BEF00054AC43 /* ColorExtension.swift in Sources */,
				21875CA02A5679C70054AC43 /* HomeView.swift in Sources */,
				21875D972A56C04D0054AC43 /* HomeConditionView.swift in Sources */,
				21875CAE2A5694200054AC43 /* GetWeatherRepositoryProtocol.swift in Sources */,
				21875CA52A5682BF0054AC43 /* BaseNetworking.swift in Sources */,
				21875CB82A569D100054AC43 /* HomeViewSelector.swift in Sources */,
			);
			runOnlyForDeploymentPostprocessing = 0;
		};
		21F017942A5618CE00D99BE0 /* Sources */ = {
			isa = PBXSourcesBuildPhase;
			buildActionMask = 2147483647;
			files = (
				21F0179D2A5618CE00D99BE0 /* Weather_DemoTests.swift in Sources */,
			);
			runOnlyForDeploymentPostprocessing = 0;
		};
		21F0179E2A5618CE00D99BE0 /* Sources */ = {
			isa = PBXSourcesBuildPhase;
			buildActionMask = 2147483647;
			files = (
				21F017A92A5618CE00D99BE0 /* Weather_DemoUITestsLaunchTests.swift in Sources */,
				21F017A72A5618CE00D99BE0 /* Weather_DemoUITests.swift in Sources */,
			);
			runOnlyForDeploymentPostprocessing = 0;
		};
/* End PBXSourcesBuildPhase section */

/* Begin PBXTargetDependency section */
		21F0179A2A5618CE00D99BE0 /* PBXTargetDependency */ = {
			isa = PBXTargetDependency;
			target = 21F017872A5618CD00D99BE0 /* Weather Demo */;
			targetProxy = 21F017992A5618CE00D99BE0 /* PBXContainerItemProxy */;
		};
		21F017A42A5618CE00D99BE0 /* PBXTargetDependency */ = {
			isa = PBXTargetDependency;
			target = 21F017872A5618CD00D99BE0 /* Weather Demo */;
			targetProxy = 21F017A32A5618CE00D99BE0 /* PBXContainerItemProxy */;
		};
/* End PBXTargetDependency section */

/* Begin XCBuildConfiguration section */
		21F017AA2A5618CE00D99BE0 /* Debug */ = {
			isa = XCBuildConfiguration;
			buildSettings = {
				ALWAYS_SEARCH_USER_PATHS = NO;
				CLANG_ANALYZER_NONNULL = YES;
				CLANG_ANALYZER_NUMBER_OBJECT_CONVERSION = YES_AGGRESSIVE;
				CLANG_CXX_LANGUAGE_STANDARD = "gnu++20";
				CLANG_ENABLE_MODULES = YES;
				CLANG_ENABLE_OBJC_ARC = YES;
				CLANG_ENABLE_OBJC_WEAK = YES;
				CLANG_WARN_BLOCK_CAPTURE_AUTORELEASING = YES;
				CLANG_WARN_BOOL_CONVERSION = YES;
				CLANG_WARN_COMMA = YES;
				CLANG_WARN_CONSTANT_CONVERSION = YES;
				CLANG_WARN_DEPRECATED_OBJC_IMPLEMENTATIONS = YES;
				CLANG_WARN_DIRECT_OBJC_ISA_USAGE = YES_ERROR;
				CLANG_WARN_DOCUMENTATION_COMMENTS = YES;
				CLANG_WARN_EMPTY_BODY = YES;
				CLANG_WARN_ENUM_CONVERSION = YES;
				CLANG_WARN_INFINITE_RECURSION = YES;
				CLANG_WARN_INT_CONVERSION = YES;
				CLANG_WARN_NON_LITERAL_NULL_CONVERSION = YES;
				CLANG_WARN_OBJC_IMPLICIT_RETAIN_SELF = YES;
				CLANG_WARN_OBJC_LITERAL_CONVERSION = YES;
				CLANG_WARN_OBJC_ROOT_CLASS = YES_ERROR;
				CLANG_WARN_QUOTED_INCLUDE_IN_FRAMEWORK_HEADER = YES;
				CLANG_WARN_RANGE_LOOP_ANALYSIS = YES;
				CLANG_WARN_STRICT_PROTOTYPES = YES;
				CLANG_WARN_SUSPICIOUS_MOVE = YES;
				CLANG_WARN_UNGUARDED_AVAILABILITY = YES_AGGRESSIVE;
				CLANG_WARN_UNREACHABLE_CODE = YES;
				CLANG_WARN__DUPLICATE_METHOD_MATCH = YES;
				COPY_PHASE_STRIP = NO;
				DEBUG_INFORMATION_FORMAT = dwarf;
				ENABLE_STRICT_OBJC_MSGSEND = YES;
				ENABLE_TESTABILITY = YES;
				GCC_C_LANGUAGE_STANDARD = gnu11;
				GCC_DYNAMIC_NO_PIC = NO;
				GCC_NO_COMMON_BLOCKS = YES;
				GCC_OPTIMIZATION_LEVEL = 0;
				GCC_PREPROCESSOR_DEFINITIONS = (
					"DEBUG=1",
					"$(inherited)",
				);
				GCC_WARN_64_TO_32_BIT_CONVERSION = YES;
				GCC_WARN_ABOUT_RETURN_TYPE = YES_ERROR;
				GCC_WARN_UNDECLARED_SELECTOR = YES;
				GCC_WARN_UNINITIALIZED_AUTOS = YES_AGGRESSIVE;
				GCC_WARN_UNUSED_FUNCTION = YES;
				GCC_WARN_UNUSED_VARIABLE = YES;
				IPHONEOS_DEPLOYMENT_TARGET = 16.4;
				MTL_ENABLE_DEBUG_INFO = INCLUDE_SOURCE;
				MTL_FAST_MATH = YES;
				ONLY_ACTIVE_ARCH = YES;
				SDKROOT = iphoneos;
				SWIFT_ACTIVE_COMPILATION_CONDITIONS = DEBUG;
				SWIFT_OPTIMIZATION_LEVEL = "-Onone";
			};
			name = Debug;
		};
		21F017AB2A5618CE00D99BE0 /* Release */ = {
			isa = XCBuildConfiguration;
			buildSettings = {
				ALWAYS_SEARCH_USER_PATHS = NO;
				CLANG_ANALYZER_NONNULL = YES;
				CLANG_ANALYZER_NUMBER_OBJECT_CONVERSION = YES_AGGRESSIVE;
				CLANG_CXX_LANGUAGE_STANDARD = "gnu++20";
				CLANG_ENABLE_MODULES = YES;
				CLANG_ENABLE_OBJC_ARC = YES;
				CLANG_ENABLE_OBJC_WEAK = YES;
				CLANG_WARN_BLOCK_CAPTURE_AUTORELEASING = YES;
				CLANG_WARN_BOOL_CONVERSION = YES;
				CLANG_WARN_COMMA = YES;
				CLANG_WARN_CONSTANT_CONVERSION = YES;
				CLANG_WARN_DEPRECATED_OBJC_IMPLEMENTATIONS = YES;
				CLANG_WARN_DIRECT_OBJC_ISA_USAGE = YES_ERROR;
				CLANG_WARN_DOCUMENTATION_COMMENTS = YES;
				CLANG_WARN_EMPTY_BODY = YES;
				CLANG_WARN_ENUM_CONVERSION = YES;
				CLANG_WARN_INFINITE_RECURSION = YES;
				CLANG_WARN_INT_CONVERSION = YES;
				CLANG_WARN_NON_LITERAL_NULL_CONVERSION = YES;
				CLANG_WARN_OBJC_IMPLICIT_RETAIN_SELF = YES;
				CLANG_WARN_OBJC_LITERAL_CONVERSION = YES;
				CLANG_WARN_OBJC_ROOT_CLASS = YES_ERROR;
				CLANG_WARN_QUOTED_INCLUDE_IN_FRAMEWORK_HEADER = YES;
				CLANG_WARN_RANGE_LOOP_ANALYSIS = YES;
				CLANG_WARN_STRICT_PROTOTYPES = YES;
				CLANG_WARN_SUSPICIOUS_MOVE = YES;
				CLANG_WARN_UNGUARDED_AVAILABILITY = YES_AGGRESSIVE;
				CLANG_WARN_UNREACHABLE_CODE = YES;
				CLANG_WARN__DUPLICATE_METHOD_MATCH = YES;
				COPY_PHASE_STRIP = NO;
				DEBUG_INFORMATION_FORMAT = "dwarf-with-dsym";
				ENABLE_NS_ASSERTIONS = NO;
				ENABLE_STRICT_OBJC_MSGSEND = YES;
				GCC_C_LANGUAGE_STANDARD = gnu11;
				GCC_NO_COMMON_BLOCKS = YES;
				GCC_WARN_64_TO_32_BIT_CONVERSION = YES;
				GCC_WARN_ABOUT_RETURN_TYPE = YES_ERROR;
				GCC_WARN_UNDECLARED_SELECTOR = YES;
				GCC_WARN_UNINITIALIZED_AUTOS = YES_AGGRESSIVE;
				GCC_WARN_UNUSED_FUNCTION = YES;
				GCC_WARN_UNUSED_VARIABLE = YES;
				IPHONEOS_DEPLOYMENT_TARGET = 16.4;
				MTL_ENABLE_DEBUG_INFO = NO;
				MTL_FAST_MATH = YES;
				SDKROOT = iphoneos;
				SWIFT_COMPILATION_MODE = wholemodule;
				SWIFT_OPTIMIZATION_LEVEL = "-O";
				VALIDATE_PRODUCT = YES;
			};
			name = Release;
		};
		21F017AD2A5618CE00D99BE0 /* Debug */ = {
			isa = XCBuildConfiguration;
			buildSettings = {
				ASSETCATALOG_COMPILER_APPICON_NAME = AppIcon;
				ASSETCATALOG_COMPILER_GLOBAL_ACCENT_COLOR_NAME = AccentColor;
				CODE_SIGN_STYLE = Automatic;
				CURRENT_PROJECT_VERSION = 1;
				DEVELOPMENT_ASSET_PATHS = "\"Weather Demo/Preview Content\"";
				DEVELOPMENT_TEAM = FAZK9HPT8S;
				ENABLE_PREVIEWS = YES;
				GENERATE_INFOPLIST_FILE = YES;
				INFOPLIST_KEY_UIApplicationSceneManifest_Generation = YES;
				INFOPLIST_KEY_UIApplicationSupportsIndirectInputEvents = YES;
				INFOPLIST_KEY_UILaunchScreen_Generation = YES;
				INFOPLIST_KEY_UISupportedInterfaceOrientations_iPad = "UIInterfaceOrientationPortrait UIInterfaceOrientationPortraitUpsideDown UIInterfaceOrientationLandscapeLeft UIInterfaceOrientationLandscapeRight";
				INFOPLIST_KEY_UISupportedInterfaceOrientations_iPhone = "UIInterfaceOrientationPortrait UIInterfaceOrientationLandscapeLeft UIInterfaceOrientationLandscapeRight";
				LD_RUNPATH_SEARCH_PATHS = (
					"$(inherited)",
					"@executable_path/Frameworks",
				);
				MARKETING_VERSION = 1.0;
				PRODUCT_BUNDLE_IDENTIFIER = "chauteco.Weather-Demo";
				PRODUCT_NAME = "$(TARGET_NAME)";
				SWIFT_EMIT_LOC_STRINGS = YES;
				SWIFT_VERSION = 5.0;
				TARGETED_DEVICE_FAMILY = "1,2";
			};
			name = Debug;
		};
		21F017AE2A5618CE00D99BE0 /* Release */ = {
			isa = XCBuildConfiguration;
			buildSettings = {
				ASSETCATALOG_COMPILER_APPICON_NAME = AppIcon;
				ASSETCATALOG_COMPILER_GLOBAL_ACCENT_COLOR_NAME = AccentColor;
				CODE_SIGN_STYLE = Automatic;
				CURRENT_PROJECT_VERSION = 1;
				DEVELOPMENT_ASSET_PATHS = "\"Weather Demo/Preview Content\"";
				DEVELOPMENT_TEAM = FAZK9HPT8S;
				ENABLE_PREVIEWS = YES;
				GENERATE_INFOPLIST_FILE = YES;
				INFOPLIST_KEY_UIApplicationSceneManifest_Generation = YES;
				INFOPLIST_KEY_UIApplicationSupportsIndirectInputEvents = YES;
				INFOPLIST_KEY_UILaunchScreen_Generation = YES;
				INFOPLIST_KEY_UISupportedInterfaceOrientations_iPad = "UIInterfaceOrientationPortrait UIInterfaceOrientationPortraitUpsideDown UIInterfaceOrientationLandscapeLeft UIInterfaceOrientationLandscapeRight";
				INFOPLIST_KEY_UISupportedInterfaceOrientations_iPhone = "UIInterfaceOrientationPortrait UIInterfaceOrientationLandscapeLeft UIInterfaceOrientationLandscapeRight";
				LD_RUNPATH_SEARCH_PATHS = (
					"$(inherited)",
					"@executable_path/Frameworks",
				);
				MARKETING_VERSION = 1.0;
				PRODUCT_BUNDLE_IDENTIFIER = "chauteco.Weather-Demo";
				PRODUCT_NAME = "$(TARGET_NAME)";
				SWIFT_EMIT_LOC_STRINGS = YES;
				SWIFT_VERSION = 5.0;
				TARGETED_DEVICE_FAMILY = "1,2";
			};
			name = Release;
		};
		21F017B02A5618CE00D99BE0 /* Debug */ = {
			isa = XCBuildConfiguration;
			buildSettings = {
				ALWAYS_EMBED_SWIFT_STANDARD_LIBRARIES = YES;
				BUNDLE_LOADER = "$(TEST_HOST)";
				CODE_SIGN_STYLE = Automatic;
				CURRENT_PROJECT_VERSION = 1;
				DEVELOPMENT_TEAM = FAZK9HPT8S;
				GENERATE_INFOPLIST_FILE = YES;
				IPHONEOS_DEPLOYMENT_TARGET = 16.4;
				MARKETING_VERSION = 1.0;
				PRODUCT_BUNDLE_IDENTIFIER = "chauteco.Weather-DemoTests";
				PRODUCT_NAME = "$(TARGET_NAME)";
				SWIFT_EMIT_LOC_STRINGS = NO;
				SWIFT_VERSION = 5.0;
				TARGETED_DEVICE_FAMILY = "1,2";
				TEST_HOST = "$(BUILT_PRODUCTS_DIR)/Weather Demo.app/$(BUNDLE_EXECUTABLE_FOLDER_PATH)/Weather Demo";
			};
			name = Debug;
		};
		21F017B12A5618CE00D99BE0 /* Release */ = {
			isa = XCBuildConfiguration;
			buildSettings = {
				ALWAYS_EMBED_SWIFT_STANDARD_LIBRARIES = YES;
				BUNDLE_LOADER = "$(TEST_HOST)";
				CODE_SIGN_STYLE = Automatic;
				CURRENT_PROJECT_VERSION = 1;
				DEVELOPMENT_TEAM = FAZK9HPT8S;
				GENERATE_INFOPLIST_FILE = YES;
				IPHONEOS_DEPLOYMENT_TARGET = 16.4;
				MARKETING_VERSION = 1.0;
				PRODUCT_BUNDLE_IDENTIFIER = "chauteco.Weather-DemoTests";
				PRODUCT_NAME = "$(TARGET_NAME)";
				SWIFT_EMIT_LOC_STRINGS = NO;
				SWIFT_VERSION = 5.0;
				TARGETED_DEVICE_FAMILY = "1,2";
				TEST_HOST = "$(BUILT_PRODUCTS_DIR)/Weather Demo.app/$(BUNDLE_EXECUTABLE_FOLDER_PATH)/Weather Demo";
			};
			name = Release;
		};
		21F017B32A5618CE00D99BE0 /* Debug */ = {
			isa = XCBuildConfiguration;
			buildSettings = {
				ALWAYS_EMBED_SWIFT_STANDARD_LIBRARIES = YES;
				CODE_SIGN_STYLE = Automatic;
				CURRENT_PROJECT_VERSION = 1;
				DEVELOPMENT_TEAM = FAZK9HPT8S;
				GENERATE_INFOPLIST_FILE = YES;
				MARKETING_VERSION = 1.0;
				PRODUCT_BUNDLE_IDENTIFIER = "chauteco.Weather-DemoUITests";
				PRODUCT_NAME = "$(TARGET_NAME)";
				SWIFT_EMIT_LOC_STRINGS = NO;
				SWIFT_VERSION = 5.0;
				TARGETED_DEVICE_FAMILY = "1,2";
				TEST_TARGET_NAME = "Weather Demo";
			};
			name = Debug;
		};
		21F017B42A5618CE00D99BE0 /* Release */ = {
			isa = XCBuildConfiguration;
			buildSettings = {
				ALWAYS_EMBED_SWIFT_STANDARD_LIBRARIES = YES;
				CODE_SIGN_STYLE = Automatic;
				CURRENT_PROJECT_VERSION = 1;
				DEVELOPMENT_TEAM = FAZK9HPT8S;
				GENERATE_INFOPLIST_FILE = YES;
				MARKETING_VERSION = 1.0;
				PRODUCT_BUNDLE_IDENTIFIER = "chauteco.Weather-DemoUITests";
				PRODUCT_NAME = "$(TARGET_NAME)";
				SWIFT_EMIT_LOC_STRINGS = NO;
				SWIFT_VERSION = 5.0;
				TARGETED_DEVICE_FAMILY = "1,2";
				TEST_TARGET_NAME = "Weather Demo";
			};
			name = Release;
		};
/* End XCBuildConfiguration section */

/* Begin XCConfigurationList section */
		21F017832A5618CD00D99BE0 /* Build configuration list for PBXProject "Weather Demo" */ = {
			isa = XCConfigurationList;
			buildConfigurations = (
				21F017AA2A5618CE00D99BE0 /* Debug */,
				21F017AB2A5618CE00D99BE0 /* Release */,
			);
			defaultConfigurationIsVisible = 0;
			defaultConfigurationName = Release;
		};
		21F017AC2A5618CE00D99BE0 /* Build configuration list for PBXNativeTarget "Weather Demo" */ = {
			isa = XCConfigurationList;
			buildConfigurations = (
				21F017AD2A5618CE00D99BE0 /* Debug */,
				21F017AE2A5618CE00D99BE0 /* Release */,
			);
			defaultConfigurationIsVisible = 0;
			defaultConfigurationName = Release;
		};
		21F017AF2A5618CE00D99BE0 /* Build configuration list for PBXNativeTarget "Weather DemoTests" */ = {
			isa = XCConfigurationList;
			buildConfigurations = (
				21F017B02A5618CE00D99BE0 /* Debug */,
				21F017B12A5618CE00D99BE0 /* Release */,
			);
			defaultConfigurationIsVisible = 0;
			defaultConfigurationName = Release;
		};
		21F017B22A5618CE00D99BE0 /* Build configuration list for PBXNativeTarget "Weather DemoUITests" */ = {
			isa = XCConfigurationList;
			buildConfigurations = (
				21F017B32A5618CE00D99BE0 /* Debug */,
				21F017B42A5618CE00D99BE0 /* Release */,
			);
			defaultConfigurationIsVisible = 0;
			defaultConfigurationName = Release;
		};
/* End XCConfigurationList section */
	};
	rootObject = 21F017802A5618CD00D99BE0 /* Project object */;
}
